
Microsoft Visual Studio Solution File, Format Version 11.00
# Visual Studio 2010
Project("{FAE04EC0-301F-11D3-BF4B-00C04F79EFBC}") = "Project Timeline", "Assembly-CSharp.csproj", "{AF15668F-1CBC-DA1F-3CA5-E06ACC8D9565}"
EndProject
Project("{FAE04EC0-301F-11D3-BF4B-00C04F79EFBC}") = "Project Timeline", "Assembly-CSharp-Editor.csproj", "{43DFBF48-1B74-6964-77D6-A476BAFAC035}"
EndProject
Global
	GlobalSection(SolutionConfigurationPlatforms) = preSolution
		Debug|Any CPU = Debug|Any CPU
		Release|Any CPU = Release|Any CPU
	EndGlobalSection
	GlobalSection(ProjectConfigurationPlatforms) = postSolution
		{AF15668F-1CBC-DA1F-3CA5-E06ACC8D9565}.Debug|Any CPU.ActiveCfg = Debug|Any CPU
		{AF15668F-1CBC-DA1F-3CA5-E06ACC8D9565}.Debug|Any CPU.Build.0 = Debug|Any CPU
		{AF15668F-1CBC-DA1F-3CA5-E06ACC8D9565}.Release|Any CPU.ActiveCfg = Release|Any CPU
		{AF15668F-1CBC-DA1F-3CA5-E06ACC8D9565}.Release|Any CPU.Build.0 = Release|Any CPU
		{43DFBF48-1B74-6964-77D6-A476BAFAC035}.Debug|Any CPU.ActiveCfg = Debug|Any CPU
		{43DFBF48-1B74-6964-77D6-A476BAFAC035}.Debug|Any CPU.Build.0 = Debug|Any CPU
		{43DFBF48-1B74-6964-77D6-A476BAFAC035}.Release|Any CPU.ActiveCfg = Release|Any CPU
		{43DFBF48-1B74-6964-77D6-A476BAFAC035}.Release|Any CPU.Build.0 = Release|Any CPU
	EndGlobalSection
	GlobalSection(SolutionProperties) = preSolution
		HideSolutionNode = FALSE
	EndGlobalSection
	GlobalSection(MonoDevelopProperties) = preSolution
		StartupItem = Assembly-CSharp.csproj
	EndGlobalSection
EndGlobal
